[[package]]
name = "django"
version = "2.2"
description = "A high-level Python Web framework that encourages rapid development and clean, pragmatic design."
category = "main"
optional = false
python-versions = ">=3.5"

[package.dependencies]
pytz = "*"
sqlparse = "*"

[package.extras]
argon2 = ["argon2-cffi (>=16.1.0)"]
bcrypt = ["bcrypt"]

[package.source]
type = "legacy"
url = "https://pypi.doubanio.com/simple"
reference = "douban"

[[package]]
name = "djangorestframework"
version = "3.9.2"
description = "Web APIs for Django, made easy."
category = "main"
optional = false
python-versions = ">=2.7, !=3.0.*, !=3.1.*, !=3.2.*, !=3.3.*"

[package.source]
type = "legacy"
url = "https://pypi.doubanio.com/simple"
reference = "douban"

[[package]]
name = "pytz"
version = "2022.1"
description = "World timezone definitions, modern and historical"
category = "main"
optional = false
python-versions = "*"

[package.source]
type = "legacy"
url = "https://pypi.doubanio.com/simple"
reference = "douban"

[[package]]
name = "sqlparse"
version = "0.4.2"
description = "A non-validating SQL parser."
category = "main"
optional = false
python-versions = ">=3.5"

[package.source]
type = "legacy"
url = "https://pypi.doubanio.com/simple"
reference = "douban"

[[package]]
name = "tailhead"
version = "1.0.2"
description = "tailhead is a simple implementation of GNU tail and head."
category = "main"
optional = false
python-versions = "*"

[package.source]
type = "legacy"
url = "https://pypi.doubanio.com/simple"
reference = "douban"

[metadata]
lock-version = "1.1"
python-versions = ">=3.6"
content-hash = "0790c966745e248ecd3330c6b273cd50023e2744ab6e7e059d9bdf9831129000"

[metadata.files]
django = [
    {file = "Django-2.2-py3-none-any.whl", hash = "sha256:a2814bffd1f007805b19194eb0b9a331933b82bd5da1c3ba3d7b7ba16e06dc4b"},
    {file = "Django-2.2.tar.gz", hash = "sha256:7c3543e4fb070d14e10926189a7fcf42ba919263b7473dceaefce34d54e8a119"},
]
djangorestframework = [
    {file = "djangorestframework-3.9.2-py2.py3-none-any.whl", hash = "sha256:8a435df9007c8b7d8e69a21ef06650e3c0cbe0d4b09e55dd1bd74c89a75a9fcd"},
    {file = "djangorestframework-3.9.2.tar.gz", hash = "sha256:f7a266260d656e1cf4ca54d7a7349609dc8af4fe2590edd0ecd7d7643ea94a17"},
]
pytz = [
    {file = "pytz-2022.1-py2.py3-none-any.whl", hash = "sha256:e68985985296d9a66a881eb3193b0906246245294a881e7c8afe623866ac6a5c"},
    {file = "pytz-2022.1.tar.gz", hash = "sha256:1e760e2fe6a8163bc0b3d9a19c4f84342afa0a2affebfaa84b01b978a02ecaa7"},
]
sqlparse = [
    {file = "sqlparse-0.4.2-py3-none-any.whl", hash = "sha256:48719e356bb8b42991bdbb1e8b83223757b93789c00910a616a071910ca4a64d"},
    {file = "sqlparse-0.4.2.tar.gz", hash = "sha256:0c00730c74263a94e5a9919ade150dfc3b19c574389985446148402998287dae"},
]
tailhead = [
    {file = "tailhead-1.0.2.tar.gz", hash = "sha256:916f70583494f38009410f178c3aea3f3b5e3f3b9c2d83f643547b2651147a03"},
]
